
Microsoft Visual Studio Solution File, Format Version 12.00
# Visual Studio Version 16
VisualStudioVersion = 16.0.29920.165
MinimumVisualStudioVersion = 10.0.40219.1
Project("{8BC9CEB8-8B4A-11D0-8D11-00A0C91BC942}") = "test_evolution", "test_evolution\test_evolution.vcxproj", "{599F2C82-801B-4A3F-9776-9A088CF50FC2}"
EndProject
Project("{8BC9CEB8-8B4A-11D0-8D11-00A0C91BC942}") = "qms", "qms\qms.vcxproj", "{43667236-E564-4D0D-B151-2047EC5E2C43}"
EndProject
Project("{8BC9CEB8-8B4A-11D0-8D11-00A0C91BC942}") = "tests", "tests\tests.vcxproj", "{7BD765A1-2B4C-4988-A231-F5477CD257CD}"
EndProject
Global
	GlobalSection(SolutionConfigurationPlatforms) = preSolution
		Debug|x64 = Debug|x64
		Release|x64 = Release|x64
	EndGlobalSection
	GlobalSection(ProjectConfigurationPlatforms) = postSolution
		{599F2C82-801B-4A3F-9776-9A088CF50FC2}.Debug|x64.ActiveCfg = Debug|x64
		{599F2C82-801B-4A3F-9776-9A088CF50FC2}.Debug|x64.Build.0 = Debug|x64
		{599F2C82-801B-4A3F-9776-9A088CF50FC2}.Release|x64.ActiveCfg = Release|x64
		{599F2C82-801B-4A3F-9776-9A088CF50FC2}.Release|x64.Build.0 = Release|x64
		{43667236-E564-4D0D-B151-2047EC5E2C43}.Debug|x64.ActiveCfg = Debug|x64
		{43667236-E564-4D0D-B151-2047EC5E2C43}.Debug|x64.Build.0 = Debug|x64
		{43667236-E564-4D0D-B151-2047EC5E2C43}.Release|x64.ActiveCfg = Release|x64
		{43667236-E564-4D0D-B151-2047EC5E2C43}.Release|x64.Build.0 = Release|x64
		{7BD765A1-2B4C-4988-A231-F5477CD257CD}.Debug|x64.ActiveCfg = Debug|x64
		{7BD765A1-2B4C-4988-A231-F5477CD257CD}.Debug|x64.Build.0 = Debug|x64
		{7BD765A1-2B4C-4988-A231-F5477CD257CD}.Release|x64.ActiveCfg = Release|x64
		{7BD765A1-2B4C-4988-A231-F5477CD257CD}.Release|x64.Build.0 = Release|x64
	EndGlobalSection
	GlobalSection(SolutionProperties) = preSolution
		HideSolutionNode = FALSE
	EndGlobalSection
	GlobalSection(ExtensibilityGlobals) = postSolution
		SolutionGuid = {117D38B0-78EF-42EE-955F-06990D7E5371}
	EndGlobalSection
EndGlobal
