<?xml version="1.0" encoding="utf-8"?>
<Project ToolsVersion="4.0" xmlns="http://schemas.microsoft.com/developer/msbuild/2003">
  <ItemGroup>
    <Filter Include="headers">
      <UniqueIdentifier>{a1d4a7d3-c5c8-41f9-8675-11bbeb5fb75c}</UniqueIdentifier>
    </Filter>
    <Filter Include="sources">
      <UniqueIdentifier>{1d9c3c0a-768f-4f54-b395-3ee1276b4900}</UniqueIdentifier>
    </Filter>
  </ItemGroup>
  <ItemGroup>
    <ClInclude Include="..\..\include\complex_defines.cuh">
      <Filter>headers</Filter>
    </ClInclude>
    <ClInclude Include="..\..\include\io.hpp">
      <Filter>headers</Filter>
    </ClInclude>
    <ClInclude Include="..\..\include\pcg32.h">
      <Filter>headers</Filter>
    </ClInclude>
    <ClInclude Include="..\..\include\Rand.hpp">
      <Filter>headers</Filter>
    </ClInclude>
    <ClInclude Include="..\..\include\suqa.cuh">
      <Filter>headers</Filter>
    </ClInclude>
    <ClInclude Include="..\..\include\suqa_kernels.cuh">
      <Filter>headers</Filter>
    </ClInclude>
    <ClInclude Include="..\..\include\suqa_cpu.hpp">
      <Filter>headers</Filter>
    </ClInclude>
  </ItemGroup>
  <ItemGroup>
    <ClCompile Include="..\..\src\io.cpp">
      <Filter>sources</Filter>
    </ClCompile>
    <ClCompile Include="..\..\src\Rand.cpp">
      <Filter>sources</Filter>
    </ClCompile>
  </ItemGroup>
  <ItemGroup>
    <CudaCompile Include="..\..\src\suqa.cu">
      <Filter>sources</Filter>
    </CudaCompile>
    <CudaCompile Include="..\..\src\tests.cu">
      <Filter>sources</Filter>
    </CudaCompile>
  </ItemGroup>
</Project>